
Microsoft Visual Studio Solution File, Format Version 12.00
# Visual Studio Version 17
VisualStudioVersion = 17.6.33829.357
MinimumVisualStudioVersion = 10.0.40219.1
Project("{9A19103F-16F7-4668-BE54-9A1E7A4F7556}") = "ClinicService", "ClinicService\ClinicService.csproj", "{F1D1481E-C301-4527-8B70-0388722893C3}"
EndProject
Project("{9A19103F-16F7-4668-BE54-9A1E7A4F7556}") = "ClinicDesktop", "ClinicDesktop\ClinicDesktop.csproj", "{3A12E14D-A4CC-4DF4-9879-0C2492543B14}"
EndProject
Project("{9A19103F-16F7-4668-BE54-9A1E7A4F7556}") = "ClinicDesktop.Data", "ClinicDesktop.Data\ClinicDesktop.Data.csproj", "{6371A123-2589-4994-8283-363E96BE5B9B}"
EndProject
Project("{FAE04EC0-301F-11D3-BF4B-00C04F79EFBC}") = "ClinicServiceTest", "ClinicServiceTest\ClinicServiceTest.csproj", "{79941B8B-F478-4D93-9A1A-1F4B2777F7FD}"
EndProject
Global
	GlobalSection(SolutionConfigurationPlatforms) = preSolution
		Debug|Any CPU = Debug|Any CPU
		Release|Any CPU = Release|Any CPU
	EndGlobalSection
	GlobalSection(ProjectConfigurationPlatforms) = postSolution
		{F1D1481E-C301-4527-8B70-0388722893C3}.Debug|Any CPU.ActiveCfg = Debug|Any CPU
		{F1D1481E-C301-4527-8B70-0388722893C3}.Debug|Any CPU.Build.0 = Debug|Any CPU
		{F1D1481E-C301-4527-8B70-0388722893C3}.Release|Any CPU.ActiveCfg = Release|Any CPU
		{F1D1481E-C301-4527-8B70-0388722893C3}.Release|Any CPU.Build.0 = Release|Any CPU
		{3A12E14D-A4CC-4DF4-9879-0C2492543B14}.Debug|Any CPU.ActiveCfg = Debug|Any CPU
		{3A12E14D-A4CC-4DF4-9879-0C2492543B14}.Debug|Any CPU.Build.0 = Debug|Any CPU
		{3A12E14D-A4CC-4DF4-9879-0C2492543B14}.Release|Any CPU.ActiveCfg = Release|Any CPU
		{3A12E14D-A4CC-4DF4-9879-0C2492543B14}.Release|Any CPU.Build.0 = Release|Any CPU
		{6371A123-2589-4994-8283-363E96BE5B9B}.Debug|Any CPU.ActiveCfg = Debug|Any CPU
		{6371A123-2589-4994-8283-363E96BE5B9B}.Debug|Any CPU.Build.0 = Debug|Any CPU
		{6371A123-2589-4994-8283-363E96BE5B9B}.Release|Any CPU.ActiveCfg = Release|Any CPU
		{6371A123-2589-4994-8283-363E96BE5B9B}.Release|Any CPU.Build.0 = Release|Any CPU
		{79941B8B-F478-4D93-9A1A-1F4B2777F7FD}.Debug|Any CPU.ActiveCfg = Debug|Any CPU
		{79941B8B-F478-4D93-9A1A-1F4B2777F7FD}.Debug|Any CPU.Build.0 = Debug|Any CPU
		{79941B8B-F478-4D93-9A1A-1F4B2777F7FD}.Release|Any CPU.ActiveCfg = Release|Any CPU
		{79941B8B-F478-4D93-9A1A-1F4B2777F7FD}.Release|Any CPU.Build.0 = Release|Any CPU
	EndGlobalSection
	GlobalSection(SolutionProperties) = preSolution
		HideSolutionNode = FALSE
	EndGlobalSection
	GlobalSection(ExtensibilityGlobals) = postSolution
		SolutionGuid = {26318DB3-E8E9-4610-8C01-570B62CC5B2F}
	EndGlobalSection
EndGlobal
